# This file is generated by running "yarn install" inside your project.
# Manual changes might be lost - proceed with caution!

__metadata:
  version: 8
  cacheKey: 10c0

"@joshdb/prettier-config@npm:2.0.0-next.b88aca0.0":
  version: 2.0.0-next.b88aca0.0
  resolution: "@joshdb/prettier-config@npm:2.0.0-next.b88aca0.0"
  dependencies:
    prettier: "npm:^3.2.5"
  checksum: 10c0/fb5f1d1704469d04c987b57e38f8011639e85cdcd6bfd3af68318c476e37ab08b3d309cadf44d49402616dbf277f93105cd06708b43b01cf52f997f1096a66e1
  languageName: node
  linkType: hard

"github@workspace:.":
  version: 0.0.0-use.local
  resolution: "github@workspace:."
  dependencies:
    "@joshdb/prettier-config": "npm:2.0.0-next.b88aca0.0"
    prettier: "npm:^3.3.1"
  languageName: unknown
  linkType: soft

"prettier@npm:^3.2.5":
  version: 3.2.5
  resolution: "prettier@npm:3.2.5"
  bin:
    prettier: bin/prettier.cjs
  checksum: 10c0/ea327f37a7d46f2324a34ad35292af2ad4c4c3c3355da07313339d7e554320f66f65f91e856add8530157a733c6c4a897dc41b577056be5c24c40f739f5ee8c6
  languageName: node
  linkType: hard

"prettier@npm:^3.3.1":
  version: 3.3.1
  resolution: "prettier@npm:3.3.1"
  bin:
    prettier: bin/prettier.cjs
  checksum: 10c0/c25a709c9f0be670dc6bcb190b622347e1dbeb6c3e7df8b0711724cb64d8647c60b839937a4df4df18e9cfb556c2b08ca9d24d9645eb5488a7fc032a2c4d5cb3
  languageName: node
  linkType: hard
