# This file is generated by running "yarn install" inside your project.
# Manual changes might be lost - proceed with caution!

__metadata:
  version: 8
  cacheKey: 10c0

"@joshdb/prettier-config@npm:2.0.0-next.f678bb7.0":
  version: 2.0.0-next.f678bb7.0
  resolution: "@joshdb/prettier-config@npm:2.0.0-next.f678bb7.0"
  dependencies:
    prettier: "npm:^3.5.3"
  checksum: 10c0/99ae38c3665960b8e493a76e91d35dcf16134083202a8cc2a0967e4a162832679ac71c8a259c194ad3091b9e4f2dbd2ab6397886f2224647aa0e0ead919829f0
  languageName: node
  linkType: hard

"github@workspace:.":
  version: 0.0.0-use.local
  resolution: "github@workspace:."
  dependencies:
    "@joshdb/prettier-config": "npm:2.0.0-next.f678bb7.0"
    prettier: "npm:^3.6.2"
  languageName: unknown
  linkType: soft

"prettier@npm:^3.5.3":
  version: 3.5.3
  resolution: "prettier@npm:3.5.3"
  bin:
    prettier: bin/prettier.cjs
  checksum: 10c0/3880cb90b9dc0635819ab52ff571518c35bd7f15a6e80a2054c05dbc8a3aa6e74f135519e91197de63705bcb38388ded7e7230e2178432a1468005406238b877
  languageName: node
  linkType: hard

"prettier@npm:^3.6.2":
  version: 3.6.2
  resolution: "prettier@npm:3.6.2"
  bin:
    prettier: bin/prettier.cjs
  checksum: 10c0/488cb2f2b99ec13da1e50074912870217c11edaddedeadc649b1244c749d15ba94e846423d062e2c4c9ae683e2d65f754de28889ba06e697ac4f988d44f45812
  languageName: node
  linkType: hard
